// !$*UTF8*$!
{
	archiveVersion = 1;
	classes = {
	};
	objectVersion = 46;
	objects = {

/* Begin PBXAggregateTarget section */
		7BE6BC5C168D588700C68BD5 /* Install Disk Image */ = {
			isa = PBXAggregateTarget;
			buildConfigurationList = 7BE6BC5F168D588700C68BD5 /* Build configuration list for PBXAggregateTarget "Install Disk Image" */;
			buildPhases = (
				7BE6BC63168D58B400C68BD5 /* ShellScript */,
			);
			dependencies = (
				7BE6BC62168D58A600C68BD5 /* PBXTargetDependency */,
			);
			name = "Install Disk Image";
			productName = "Install Disk Image";
		};
/* End PBXAggregateTarget section */

/* Begin PBXBuildFile section */
		7B14691F1665003500E07CB8 /* pin.png in Resources */ = {isa = PBXBuildFile; fileRef = 7B14691E1665003500E07CB8 /* pin.png */; };
		7B84549E166A2A1600D406B2 /* PinnedFile.m in Sources */ = {isa = PBXBuildFile; fileRef = 7B84549D166A2A1600D406B2 /* PinnedFile.m */; };
		7B8454A2166A4A4E00D406B2 /* CreatingPinnedFileSheet.m in Sources */ = {isa = PBXBuildFile; fileRef = 7B8454A1166A4A4E00D406B2 /* CreatingPinnedFileSheet.m */; };
		7B8E568516742DBE00760F0A /* PathfinderTableView.m in Sources */ = {isa = PBXBuildFile; fileRef = 7B8E568416742DBE00760F0A /* PathfinderTableView.m */; };
		7BBF7257155F9B5D00CD0F74 /* Cocoa.framework in Frameworks */ = {isa = PBXBuildFile; fileRef = 7BBF7256155F9B5D00CD0F74 /* Cocoa.framework */; };
		7BBF7261155F9B5E00CD0F74 /* InfoPlist.strings in Resources */ = {isa = PBXBuildFile; fileRef = 7BBF725F155F9B5E00CD0F74 /* InfoPlist.strings */; };
		7BBF7263155F9B5E00CD0F74 /* main.m in Sources */ = {isa = PBXBuildFile; fileRef = 7BBF7262155F9B5E00CD0F74 /* main.m */; };
		7BBF7267155F9B5E00CD0F74 /* Credits.rtf in Resources */ = {isa = PBXBuildFile; fileRef = 7BBF7265155F9B5E00CD0F74 /* Credits.rtf */; };
		7BBF726A155F9B5E00CD0F74 /* Document.m in Sources */ = {isa = PBXBuildFile; fileRef = 7BBF7269155F9B5E00CD0F74 /* Document.m */; };
		7BBF726D155F9B5E00CD0F74 /* Document.xib in Resources */ = {isa = PBXBuildFile; fileRef = 7BBF726B155F9B5E00CD0F74 /* Document.xib */; };
		7BBF7270155F9B5E00CD0F74 /* MainMenu.xib in Resources */ = {isa = PBXBuildFile; fileRef = 7BBF726E155F9B5E00CD0F74 /* MainMenu.xib */; };
		7BC5485F16619DEA0022E683 /* filelist in Resources */ = {isa = PBXBuildFile; fileRef = 7BC5485E16619DEA0022E683 /* filelist */; };
		7BC548731661BDBC0022E683 /* PathEntry.m in Sources */ = {isa = PBXBuildFile; fileRef = 7BC548721661BDBC0022E683 /* PathEntry.m */; };
		7BC5487516625A6F0022E683 /* searchFile in Resources */ = {isa = PBXBuildFile; fileRef = 7BC5487416625A6F0022E683 /* searchFile */; };
		7BC5487716625AFF0022E683 /* searchFile in CopyFiles */ = {isa = PBXBuildFile; fileRef = 7BC5487416625A6F0022E683 /* searchFile */; };
		7BC5487816625B130022E683 /* filelist in CopyFiles */ = {isa = PBXBuildFile; fileRef = 7BC5485E16619DEA0022E683 /* filelist */; };
		7BC5488016639C010022E683 /* Pathfinder.icns in Resources */ = {isa = PBXBuildFile; fileRef = 7BC5487F16639C010022E683 /* Pathfinder.icns */; };
		7BE2F263166EB1B500295655 /* ChildProcess.m in Sources */ = {isa = PBXBuildFile; fileRef = 7BE2F262166EB1B500295655 /* ChildProcess.m */; };
		7BF64CCF1663AD1600A25C99 /* SerchFieldWithProgressCell.m in Sources */ = {isa = PBXBuildFile; fileRef = 7BF64CCE1663AD1600A25C99 /* SerchFieldWithProgressCell.m */; };
		7BF689ED1673866B0046FE90 /* QuickLook.framework in Frameworks */ = {isa = PBXBuildFile; fileRef = 7BF689EC1673866B0046FE90 /* QuickLook.framework */; };
		7BF689EF1673867F0046FE90 /* Quartz.framework in Frameworks */ = {isa = PBXBuildFile; fileRef = 7BF689EE1673867F0046FE90 /* Quartz.framework */; };
		7BFF370C16778203008CDB88 /* CreatingPinnedFile.xib in Resources */ = {isa = PBXBuildFile; fileRef = 7BFF370E16778203008CDB88 /* CreatingPinnedFile.xib */; };
		7BFF37121677EB9E008CDB88 /* Localizable.strings in Resources */ = {isa = PBXBuildFile; fileRef = 7BFF37141677EB9E008CDB88 /* Localizable.strings */; };
/* End PBXBuildFile section */

/* Begin PBXContainerItemProxy section */
		7BE6BC61168D58A600C68BD5 /* PBXContainerItemProxy */ = {
			isa = PBXContainerItemProxy;
			containerPortal = 7BBF7249155F9B5D00CD0F74 /* Project object */;
			proxyType = 1;
			remoteGlobalIDString = 7BBF7251155F9B5D00CD0F74;
			remoteInfo = Pathfinder;
		};
/* End PBXContainerItemProxy section */

/* Begin PBXCopyFilesBuildPhase section */
		7BC5487616625AEC0022E683 /* CopyFiles */ = {
			isa = PBXCopyFilesBuildPhase;
			buildActionMask = 2147483647;
			dstPath = "";
			dstSubfolderSpec = 6;
			files = (
				7BC5487816625B130022E683 /* filelist in CopyFiles */,
				7BC5487716625AFF0022E683 /* searchFile in CopyFiles */,
			);
			runOnlyForDeploymentPostprocessing = 0;
		};
/* End PBXCopyFilesBuildPhase section */

/* Begin PBXFileReference section */
		7B14691E1665003500E07CB8 /* pin.png */ = {isa = PBXFileReference; lastKnownFileType = image.png; name = pin.png; path = resources/pin.png; sourceTree = "<group>"; };
		7B84549C166A2A1600D406B2 /* PinnedFile.h */ = {isa = PBXFileReference; fileEncoding = 4; lastKnownFileType = sourcecode.c.h; path = PinnedFile.h; sourceTree = "<group>"; };
		7B84549D166A2A1600D406B2 /* PinnedFile.m */ = {isa = PBXFileReference; fileEncoding = 4; lastKnownFileType = sourcecode.c.objc; path = PinnedFile.m; sourceTree = "<group>"; };
		7B8454A0166A4A4E00D406B2 /* CreatingPinnedFileSheet.h */ = {isa = PBXFileReference; fileEncoding = 4; lastKnownFileType = sourcecode.c.h; path = CreatingPinnedFileSheet.h; sourceTree = "<group>"; };
		7B8454A1166A4A4E00D406B2 /* CreatingPinnedFileSheet.m */ = {isa = PBXFileReference; fileEncoding = 4; lastKnownFileType = sourcecode.c.objc; path = CreatingPinnedFileSheet.m; sourceTree = "<group>"; };
		7B8E568316742DBE00760F0A /* PathfinderTableView.h */ = {isa = PBXFileReference; fileEncoding = 4; lastKnownFileType = sourcecode.c.h; path = PathfinderTableView.h; sourceTree = "<group>"; };
		7B8E568416742DBE00760F0A /* PathfinderTableView.m */ = {isa = PBXFileReference; fileEncoding = 4; lastKnownFileType = sourcecode.c.objc; path = PathfinderTableView.m; sourceTree = "<group>"; };
		7BBF7252155F9B5D00CD0F74 /* Pathfinder.app */ = {isa = PBXFileReference; explicitFileType = wrapper.application; includeInIndex = 0; path = Pathfinder.app; sourceTree = BUILT_PRODUCTS_DIR; };
		7BBF7256155F9B5D00CD0F74 /* Cocoa.framework */ = {isa = PBXFileReference; lastKnownFileType = wrapper.framework; name = Cocoa.framework; path = System/Library/Frameworks/Cocoa.framework; sourceTree = SDKROOT; };
		7BBF7259155F9B5D00CD0F74 /* AppKit.framework */ = {isa = PBXFileReference; lastKnownFileType = wrapper.framework; name = AppKit.framework; path = System/Library/Frameworks/AppKit.framework; sourceTree = SDKROOT; };
		7BBF725A155F9B5D00CD0F74 /* CoreData.framework */ = {isa = PBXFileReference; lastKnownFileType = wrapper.framework; name = CoreData.framework; path = System/Library/Frameworks/CoreData.framework; sourceTree = SDKROOT; };
		7BBF725B155F9B5D00CD0F74 /* Foundation.framework */ = {isa = PBXFileReference; lastKnownFileType = wrapper.framework; name = Foundation.framework; path = System/Library/Frameworks/Foundation.framework; sourceTree = SDKROOT; };
		7BBF725E155F9B5D00CD0F74 /* Pathfinder-Info.plist */ = {isa = PBXFileReference; lastKnownFileType = text.plist.xml; path = "Pathfinder-Info.plist"; sourceTree = "<group>"; };
		7BBF7260155F9B5E00CD0F74 /* en */ = {isa = PBXFileReference; lastKnownFileType = text.plist.strings; name = en; path = en.lproj/InfoPlist.strings; sourceTree = "<group>"; };
		7BBF7262155F9B5E00CD0F74 /* main.m */ = {isa = PBXFileReference; lastKnownFileType = sourcecode.c.objc; path = main.m; sourceTree = "<group>"; };
		7BBF7264155F9B5E00CD0F74 /* Pathfinder-Prefix.pch */ = {isa = PBXFileReference; lastKnownFileType = sourcecode.c.h; path = "Pathfinder-Prefix.pch"; sourceTree = "<group>"; };
		7BBF7266155F9B5E00CD0F74 /* en */ = {isa = PBXFileReference; lastKnownFileType = text.rtf; name = en; path = en.lproj/Credits.rtf; sourceTree = "<group>"; };
		7BBF7268155F9B5E00CD0F74 /* Document.h */ = {isa = PBXFileReference; lastKnownFileType = sourcecode.c.h; path = Document.h; sourceTree = "<group>"; };
		7BBF7269155F9B5E00CD0F74 /* Document.m */ = {isa = PBXFileReference; lastKnownFileType = sourcecode.c.objc; path = Document.m; sourceTree = "<group>"; };
		7BBF726C155F9B5E00CD0F74 /* en */ = {isa = PBXFileReference; lastKnownFileType = file.xib; name = en; path = en.lproj/Document.xib; sourceTree = "<group>"; };
		7BBF726F155F9B5E00CD0F74 /* en */ = {isa = PBXFileReference; lastKnownFileType = file.xib; name = en; path = en.lproj/MainMenu.xib; sourceTree = "<group>"; };
		7BC5485E16619DEA0022E683 /* filelist */ = {isa = PBXFileReference; fileEncoding = 4; lastKnownFileType = text.script.sh; name = filelist; path = Pathfinder/bin/filelist; sourceTree = "<group>"; };
		7BC548711661BDBC0022E683 /* PathEntry.h */ = {isa = PBXFileReference; fileEncoding = 4; lastKnownFileType = sourcecode.c.h; path = PathEntry.h; sourceTree = "<group>"; };
		7BC548721661BDBC0022E683 /* PathEntry.m */ = {isa = PBXFileReference; fileEncoding = 4; lastKnownFileType = sourcecode.c.objc; path = PathEntry.m; sourceTree = "<group>"; };
		7BC5487416625A6F0022E683 /* searchFile */ = {isa = PBXFileReference; fileEncoding = 4; lastKnownFileType = text.script.sh; name = searchFile; path = Pathfinder/bin/searchFile; sourceTree = "<group>"; };
		7BC5487F16639C010022E683 /* Pathfinder.icns */ = {isa = PBXFileReference; lastKnownFileType = image.icns; path = Pathfinder.icns; sourceTree = SOURCE_ROOT; };
		7BE2F261166EB1B500295655 /* ChildProcess.h */ = {isa = PBXFileReference; fileEncoding = 4; lastKnownFileType = sourcecode.c.h; path = ChildProcess.h; sourceTree = "<group>"; };
		7BE2F262166EB1B500295655 /* ChildProcess.m */ = {isa = PBXFileReference; fileEncoding = 4; lastKnownFileType = sourcecode.c.objc; path = ChildProcess.m; sourceTree = "<group>"; };
		7BF64CCD1663AD1600A25C99 /* SerchFieldWithProgressCell.h */ = {isa = PBXFileReference; fileEncoding = 4; lastKnownFileType = sourcecode.c.h; path = SerchFieldWithProgressCell.h; sourceTree = "<group>"; };
		7BF64CCE1663AD1600A25C99 /* SerchFieldWithProgressCell.m */ = {isa = PBXFileReference; fileEncoding = 4; lastKnownFileType = sourcecode.c.objc; path = SerchFieldWithProgressCell.m; sourceTree = "<group>"; };
		7BF689EC1673866B0046FE90 /* QuickLook.framework */ = {isa = PBXFileReference; lastKnownFileType = wrapper.framework; name = QuickLook.framework; path = System/Library/Frameworks/QuickLook.framework; sourceTree = SDKROOT; };
		7BF689EE1673867F0046FE90 /* Quartz.framework */ = {isa = PBXFileReference; lastKnownFileType = wrapper.framework; name = Quartz.framework; path = System/Library/Frameworks/Quartz.framework; sourceTree = SDKROOT; };
		7BF851DF168F1A4B00D3CC84 /* Pathfinder-in.sparseimage */ = {isa = PBXFileReference; lastKnownFileType = file; name = "Pathfinder-in.sparseimage"; path = "DiskImageResources/Pathfinder-in.sparseimage"; sourceTree = "<group>"; };
		7BF851E0168F1A4B00D3CC84 /* PathfinderBackground.idraw */ = {isa = PBXFileReference; lastKnownFileType = file; name = PathfinderBackground.idraw; path = DiskImageResources/PathfinderBackground.idraw; sourceTree = "<group>"; };
		7BFF370A1677819A008CDB88 /* ja */ = {isa = PBXFileReference; lastKnownFileType = text.plist.strings; name = ja; path = ja.lproj/InfoPlist.strings; sourceTree = "<group>"; };
		7BFF370B1677819A008CDB88 /* ja */ = {isa = PBXFileReference; lastKnownFileType = text.rtf; name = ja; path = ja.lproj/Credits.rtf; sourceTree = "<group>"; };
		7BFF370D16778203008CDB88 /* en */ = {isa = PBXFileReference; lastKnownFileType = file.xib; name = en; path = en.lproj/CreatingPinnedFile.xib; sourceTree = "<group>"; };
		7BFF37131677EB9E008CDB88 /* ja */ = {isa = PBXFileReference; lastKnownFileType = text.plist.strings; name = ja; path = ja.lproj/Localizable.strings; sourceTree = "<group>"; };
		7BFF371B167BFB23008CDB88 /* ja */ = {isa = PBXFileReference; lastKnownFileType = text.plist.strings; name = ja; path = ja.lproj/CreatingPinnedFile.strings; sourceTree = "<group>"; };
		7BFF371D167BFB23008CDB88 /* ja */ = {isa = PBXFileReference; lastKnownFileType = text.plist.strings; name = ja; path = ja.lproj/Document.strings; sourceTree = "<group>"; };
		7BFF371F167BFB23008CDB88 /* ja */ = {isa = PBXFileReference; lastKnownFileType = text.plist.strings; name = ja; path = ja.lproj/MainMenu.strings; sourceTree = "<group>"; };
/* End PBXFileReference section */

/* Begin PBXFrameworksBuildPhase section */
		7BBF724F155F9B5D00CD0F74 /* Frameworks */ = {
			isa = PBXFrameworksBuildPhase;
			buildActionMask = 2147483647;
			files = (
				7BF689EF1673867F0046FE90 /* Quartz.framework in Frameworks */,
				7BF689ED1673866B0046FE90 /* QuickLook.framework in Frameworks */,
				7BBF7257155F9B5D00CD0F74 /* Cocoa.framework in Frameworks */,
			);
			runOnlyForDeploymentPostprocessing = 0;
		};
/* End PBXFrameworksBuildPhase section */

/* Begin PBXGroup section */
		7BBF7247155F9B5D00CD0F74 = {
			isa = PBXGroup;
			children = (
				7BBF725C155F9B5D00CD0F74 /* Pathfinder */,
				7BBF7255155F9B5D00CD0F74 /* Frameworks */,
				7BBF7253155F9B5D00CD0F74 /* Products */,
			);
			sourceTree = "<group>";
		};
		7BBF7253155F9B5D00CD0F74 /* Products */ = {
			isa = PBXGroup;
			children = (
				7BBF7252155F9B5D00CD0F74 /* Pathfinder.app */,
			);
			name = Products;
			sourceTree = "<group>";
		};
		7BBF7255155F9B5D00CD0F74 /* Frameworks */ = {
			isa = PBXGroup;
			children = (
				7BBF7256155F9B5D00CD0F74 /* Cocoa.framework */,
				7BF689EE1673867F0046FE90 /* Quartz.framework */,
				7BF689EC1673866B0046FE90 /* QuickLook.framework */,
				7BBF7258155F9B5D00CD0F74 /* Other Frameworks */,
			);
			name = Frameworks;
			sourceTree = "<group>";
		};
		7BBF7258155F9B5D00CD0F74 /* Other Frameworks */ = {
			isa = PBXGroup;
			children = (
				7BBF7259155F9B5D00CD0F74 /* AppKit.framework */,
				7BBF725A155F9B5D00CD0F74 /* CoreData.framework */,
				7BBF725B155F9B5D00CD0F74 /* Foundation.framework */,
			);
			name = "Other Frameworks";
			sourceTree = "<group>";
		};
		7BBF725C155F9B5D00CD0F74 /* Pathfinder */ = {
			isa = PBXGroup;
			children = (
				7BBF727E155F9DF400CD0F74 /* Classes */,
				7BBF7280155F9E0D00CD0F74 /* Resources */,
				7BBF725D155F9B5D00CD0F74 /* Supporting Files */,
				7BC5485D16619DC30022E683 /* Coprograms */,
				7BE6BC64168D6A4500C68BD5 /* Disk Image Resources */,
			);
			path = Pathfinder;
			sourceTree = "<group>";
		};
		7BBF725D155F9B5D00CD0F74 /* Supporting Files */ = {
			isa = PBXGroup;
			children = (
				7BBF725E155F9B5D00CD0F74 /* Pathfinder-Info.plist */,
				7BBF725F155F9B5E00CD0F74 /* InfoPlist.strings */,
				7BBF7262155F9B5E00CD0F74 /* main.m */,
				7BBF7264155F9B5E00CD0F74 /* Pathfinder-Prefix.pch */,
				7BBF7265155F9B5E00CD0F74 /* Credits.rtf */,
			);
			name = "Supporting Files";
			sourceTree = "<group>";
		};
		7BBF727E155F9DF400CD0F74 /* Classes */ = {
			isa = PBXGroup;
			children = (
				7BBF7268155F9B5E00CD0F74 /* Document.h */,
				7BBF7269155F9B5E00CD0F74 /* Document.m */,
				7BC548711661BDBC0022E683 /* PathEntry.h */,
				7BC548721661BDBC0022E683 /* PathEntry.m */,
				7B84549C166A2A1600D406B2 /* PinnedFile.h */,
				7B84549D166A2A1600D406B2 /* PinnedFile.m */,
				7B8454A0166A4A4E00D406B2 /* CreatingPinnedFileSheet.h */,
				7B8454A1166A4A4E00D406B2 /* CreatingPinnedFileSheet.m */,
				7BF64CCD1663AD1600A25C99 /* SerchFieldWithProgressCell.h */,
				7BF64CCE1663AD1600A25C99 /* SerchFieldWithProgressCell.m */,
				7BE2F261166EB1B500295655 /* ChildProcess.h */,
				7BE2F262166EB1B500295655 /* ChildProcess.m */,
				7B8E568316742DBE00760F0A /* PathfinderTableView.h */,
				7B8E568416742DBE00760F0A /* PathfinderTableView.m */,
			);
			name = Classes;
			sourceTree = "<group>";
		};
		7BBF7280155F9E0D00CD0F74 /* Resources */ = {
			isa = PBXGroup;
			children = (
				7BBF726E155F9B5E00CD0F74 /* MainMenu.xib */,
				7BFF371E167BFB23008CDB88 /* MainMenu.strings */,
				7BBF726B155F9B5E00CD0F74 /* Document.xib */,
				7BFF371C167BFB23008CDB88 /* Document.strings */,
				7BFF370E16778203008CDB88 /* CreatingPinnedFile.xib */,
				7BFF371A167BFB23008CDB88 /* CreatingPinnedFile.strings */,
				7B14691E1665003500E07CB8 /* pin.png */,
				7BC5487F16639C010022E683 /* Pathfinder.icns */,
				7BFF37141677EB9E008CDB88 /* Localizable.strings */,
			);
			name = Resources;
			sourceTree = "<group>";
		};
		7BC5485D16619DC30022E683 /* Coprograms */ = {
			isa = PBXGroup;
			children = (
				7BC5487416625A6F0022E683 /* searchFile */,
				7BC5485E16619DEA0022E683 /* filelist */,
			);
			name = Coprograms;
			path = ..;
			sourceTree = "<group>";
		};
		7BE6BC64168D6A4500C68BD5 /* Disk Image Resources */ = {
			isa = PBXGroup;
			children = (
				7BF851DF168F1A4B00D3CC84 /* Pathfinder-in.sparseimage */,
				7BF851E0168F1A4B00D3CC84 /* PathfinderBackground.idraw */,
			);
			name = "Disk Image Resources";
			sourceTree = "<group>";
		};
/* End PBXGroup section */

/* Begin PBXNativeTarget section */
		7BBF7251155F9B5D00CD0F74 /* Pathfinder */ = {
			isa = PBXNativeTarget;
			buildConfigurationList = 7BBF7273155F9B5E00CD0F74 /* Build configuration list for PBXNativeTarget "Pathfinder" */;
			buildPhases = (
				7BBF724E155F9B5D00CD0F74 /* Sources */,
				7BBF724F155F9B5D00CD0F74 /* Frameworks */,
				7BBF7250155F9B5D00CD0F74 /* Resources */,
				7BC5487616625AEC0022E683 /* CopyFiles */,
				7BFF3724167BFC10008CDB88 /* ShellScript */,
			);
			buildRules = (
			);
			dependencies = (
			);
			name = Pathfinder;
			productName = Pathfinder;
			productReference = 7BBF7252155F9B5D00CD0F74 /* Pathfinder.app */;
			productType = "com.apple.product-type.application";
		};
/* End PBXNativeTarget section */

/* Begin PBXProject section */
		7BBF7249155F9B5D00CD0F74 /* Project object */ = {
			isa = PBXProject;
			attributes = {
				LastUpgradeCheck = 0450;
			};
			buildConfigurationList = 7BBF724C155F9B5D00CD0F74 /* Build configuration list for PBXProject "Pathfinder" */;
			compatibilityVersion = "Xcode 3.2";
			developmentRegion = English;
			hasScannedForEncodings = 0;
			knownRegions = (
				en,
				ja,
			);
			mainGroup = 7BBF7247155F9B5D00CD0F74;
			productRefGroup = 7BBF7253155F9B5D00CD0F74 /* Products */;
			projectDirPath = "";
			projectRoot = "";
			targets = (
				7BBF7251155F9B5D00CD0F74 /* Pathfinder */,
				7BE6BC5C168D588700C68BD5 /* Install Disk Image */,
			);
		};
/* End PBXProject section */

/* Begin PBXResourcesBuildPhase section */
		7BBF7250155F9B5D00CD0F74 /* Resources */ = {
			isa = PBXResourcesBuildPhase;
			buildActionMask = 2147483647;
			files = (
				7BBF7261155F9B5E00CD0F74 /* InfoPlist.strings in Resources */,
				7BBF7267155F9B5E00CD0F74 /* Credits.rtf in Resources */,
				7BBF726D155F9B5E00CD0F74 /* Document.xib in Resources */,
				7BBF7270155F9B5E00CD0F74 /* MainMenu.xib in Resources */,
				7BC5485F16619DEA0022E683 /* filelist in Resources */,
				7BC5487516625A6F0022E683 /* searchFile in Resources */,
				7BC5488016639C010022E683 /* Pathfinder.icns in Resources */,
				7B14691F1665003500E07CB8 /* pin.png in Resources */,
				7BFF370C16778203008CDB88 /* CreatingPinnedFile.xib in Resources */,
				7BFF37121677EB9E008CDB88 /* Localizable.strings in Resources */,
			);
			runOnlyForDeploymentPostprocessing = 0;
		};
/* End PBXResourcesBuildPhase section */

/* Begin PBXShellScriptBuildPhase section */
		7BE6BC63168D58B400C68BD5 /* ShellScript */ = {
			isa = PBXShellScriptBuildPhase;
			buildActionMask = 2147483647;
			files = (
			);
			inputPaths = (
				"$(SRCROOT)/Pathfinder/DiskImageResources/Pathfinder-in.sparseimage",
			);
			outputPaths = (
				"$(TARGET_BUILD_DIR)/Pathfinder.dmg",
			);
			runOnlyForDeploymentPostprocessing = 0;
			shellPath = /bin/sh;
			shellScript = "PRODUCT=Pathfinder\nSRC=\"${SRCROOT}/${PRODUCT}/DiskImageResources/${PRODUCT}-in.sparseimage\"\nIN=\"${DERIVED_FILE_DIR}/${PRODUCT}-in.sparseimage\"\nMP=\"${DERIVED_FILE_DIR}/mp\"\nOUT=\"${TARGET_BUILD_DIR}/${PRODUCT}.dmg\"\nrm -rf \"${DERIVED_FILE_DIR}\"\nmkdir \"${DERIVED_FILE_DIR}\"\nmkdir \"$MP\"\ncp \"$SRC\" \"$IN\"\nhdiutil attach \"$IN\" -mountpoint \"$MP\"\nrm -rf \"$MP\"/${PRODUCT}.app\ncp -r \"${TARGET_BUILD_DIR}/${PRODUCT}.app\" \"$MP\"\nhdiutil detach \"$MP\"\nrm -f \"$OUT\"\nhdiutil convert -format UDZO -o \"$OUT\" \"$IN\"\nrm -r \"$MP\"\nrm -f \"$IN\"";
		};
		7BFF3724167BFC10008CDB88 /* ShellScript */ = {
			isa = PBXShellScriptBuildPhase;
			buildActionMask = 2147483647;
			files = (
			);
			inputPaths = (
				"$(SRCROOT)/Pathfinder/ja.lproj/MainMenu.strings",
				"$(SRCROOT)/Pathfinder/en.lproj/MainMenu.xib",
				"$(SRCROOT)/Pathfinder/ja.lproj/Document.strings",
				"$(SRCROOT)/Pathfinder/en.lproj/Document.xib",
				"$(SRCROOT)/Pathfinder/ja.lproj/CreatingPinnedFile.strings",
				"$(SRCROOT)/Pathfinder/en.lproj/CreatingPinnedFile.xib",
			);
			outputPaths = (
				"$(TARGET_BUILD_DIR)/$(UNLOCALIZED_RESOURCES_FOLDER_PATH)/ja.lproj/MainMenu.nib",
				"$(TARGET_BUILD_DIR)/$(UNLOCALIZED_RESOURCES_FOLDER_PATH)/ja.lproj/Document.nib",
				"$(TARGET_BUILD_DIR)/$(UNLOCALIZED_RESOURCES_FOLDER_PATH)/ja.lproj/CreatingPinnedFile.nib",
			);
			runOnlyForDeploymentPostprocessing = 0;
			shellPath = /bin/sh;
			shellScript = "for f in MainMenu Document CreatingPinnedFile;do\nibtool --import-strings-file Pathfinder/ja.lproj/${f}.strings --compile \"${TARGET_BUILD_DIR}/${UNLOCALIZED_RESOURCES_FOLDER_PATH}/ja.lproj/${f}.nib\" --output-format binary1 Pathfinder/en.lproj/${f}.xib || exit 1\ndone";
		};
/* End PBXShellScriptBuildPhase section */

/* Begin PBXSourcesBuildPhase section */
		7BBF724E155F9B5D00CD0F74 /* Sources */ = {
			isa = PBXSourcesBuildPhase;
			buildActionMask = 2147483647;
			files = (
				7BBF7263155F9B5E00CD0F74 /* main.m in Sources */,
				7BBF726A155F9B5E00CD0F74 /* Document.m in Sources */,
				7BC548731661BDBC0022E683 /* PathEntry.m in Sources */,
				7BF64CCF1663AD1600A25C99 /* SerchFieldWithProgressCell.m in Sources */,
				7B84549E166A2A1600D406B2 /* PinnedFile.m in Sources */,
				7B8454A2166A4A4E00D406B2 /* CreatingPinnedFileSheet.m in Sources */,
				7BE2F263166EB1B500295655 /* ChildProcess.m in Sources */,
				7B8E568516742DBE00760F0A /* PathfinderTableView.m in Sources */,
			);
			runOnlyForDeploymentPostprocessing = 0;
		};
/* End PBXSourcesBuildPhase section */

/* Begin PBXTargetDependency section */
		7BE6BC62168D58A600C68BD5 /* PBXTargetDependency */ = {
			isa = PBXTargetDependency;
			target = 7BBF7251155F9B5D00CD0F74 /* Pathfinder */;
			targetProxy = 7BE6BC61168D58A600C68BD5 /* PBXContainerItemProxy */;
		};
/* End PBXTargetDependency section */

/* Begin PBXVariantGroup section */
		7BBF725F155F9B5E00CD0F74 /* InfoPlist.strings */ = {
			isa = PBXVariantGroup;
			children = (
				7BBF7260155F9B5E00CD0F74 /* en */,
				7BFF370A1677819A008CDB88 /* ja */,
			);
			name = InfoPlist.strings;
			sourceTree = "<group>";
		};
		7BBF7265155F9B5E00CD0F74 /* Credits.rtf */ = {
			isa = PBXVariantGroup;
			children = (
				7BBF7266155F9B5E00CD0F74 /* en */,
				7BFF370B1677819A008CDB88 /* ja */,
			);
			name = Credits.rtf;
			sourceTree = "<group>";
		};
		7BBF726B155F9B5E00CD0F74 /* Document.xib */ = {
			isa = PBXVariantGroup;
			children = (
				7BBF726C155F9B5E00CD0F74 /* en */,
			);
			name = Document.xib;
			sourceTree = "<group>";
		};
		7BBF726E155F9B5E00CD0F74 /* MainMenu.xib */ = {
			isa = PBXVariantGroup;
			children = (
				7BBF726F155F9B5E00CD0F74 /* en */,
			);
			name = MainMenu.xib;
			sourceTree = "<group>";
		};
		7BFF370E16778203008CDB88 /* CreatingPinnedFile.xib */ = {
			isa = PBXVariantGroup;
			children = (
				7BFF370D16778203008CDB88 /* en */,
			);
			name = CreatingPinnedFile.xib;
			sourceTree = "<group>";
		};
		7BFF37141677EB9E008CDB88 /* Localizable.strings */ = {
			isa = PBXVariantGroup;
			children = (
				7BFF37131677EB9E008CDB88 /* ja */,
			);
			name = Localizable.strings;
			sourceTree = "<group>";
		};
		7BFF371A167BFB23008CDB88 /* CreatingPinnedFile.strings */ = {
			isa = PBXVariantGroup;
			children = (
				7BFF371B167BFB23008CDB88 /* ja */,
			);
			name = CreatingPinnedFile.strings;
			sourceTree = "<group>";
		};
		7BFF371C167BFB23008CDB88 /* Document.strings */ = {
			isa = PBXVariantGroup;
			children = (
				7BFF371D167BFB23008CDB88 /* ja */,
			);
			name = Document.strings;
			sourceTree = "<group>";
		};
		7BFF371E167BFB23008CDB88 /* MainMenu.strings */ = {
			isa = PBXVariantGroup;
			children = (
				7BFF371F167BFB23008CDB88 /* ja */,
			);
			name = MainMenu.strings;
			sourceTree = "<group>";
		};
/* End PBXVariantGroup section */

/* Begin XCBuildConfiguration section */
		7BBF7271155F9B5E00CD0F74 /* Debug */ = {
			isa = XCBuildConfiguration;
			buildSettings = {
				ALWAYS_SEARCH_USER_PATHS = NO;
				ARCHS = "$(ARCHS_STANDARD_64_BIT)";
				CLANG_ENABLE_OBJC_ARC = YES;
				COMBINE_HIDPI_IMAGES = YES;
				COPY_PHASE_STRIP = NO;
				GCC_C_LANGUAGE_STANDARD = gnu99;
				GCC_DYNAMIC_NO_PIC = NO;
				GCC_ENABLE_OBJC_EXCEPTIONS = YES;
				GCC_OPTIMIZATION_LEVEL = 0;
				GCC_PREPROCESSOR_DEFINITIONS = (
					"DEBUG=1",
					"$(inherited)",
				);
				GCC_SYMBOLS_PRIVATE_EXTERN = NO;
				GCC_VERSION = com.apple.compilers.llvm.clang.1_0;
				GCC_WARN_64_TO_32_BIT_CONVERSION = YES;
				GCC_WARN_ABOUT_MISSING_PROTOTYPES = YES;
				GCC_WARN_ABOUT_RETURN_TYPE = YES;
				GCC_WARN_UNUSED_VARIABLE = YES;
				MACOSX_DEPLOYMENT_TARGET = 10.7;
				ONLY_ACTIVE_ARCH = YES;
				SDKROOT = macosx;
			};
			name = Debug;
		};
		7BBF7272155F9B5E00CD0F74 /* Release */ = {
			isa = XCBuildConfiguration;
			buildSettings = {
				ALWAYS_SEARCH_USER_PATHS = NO;
				ARCHS = "$(ARCHS_STANDARD_64_BIT)";
				CLANG_ENABLE_OBJC_ARC = YES;
				COMBINE_HIDPI_IMAGES = YES;
				COPY_PHASE_STRIP = YES;
				DEBUG_INFORMATION_FORMAT = "dwarf-with-dsym";
				GCC_C_LANGUAGE_STANDARD = gnu99;
				GCC_ENABLE_OBJC_EXCEPTIONS = YES;
				GCC_VERSION = com.apple.compilers.llvm.clang.1_0;
				GCC_WARN_64_TO_32_BIT_CONVERSION = YES;
				GCC_WARN_ABOUT_MISSING_PROTOTYPES = YES;
				GCC_WARN_ABOUT_RETURN_TYPE = YES;
				GCC_WARN_UNUSED_VARIABLE = YES;
				MACOSX_DEPLOYMENT_TARGET = 10.7;
				SDKROOT = macosx;
			};
			name = Release;
		};
		7BBF7274155F9B5E00CD0F74 /* Debug */ = {
			isa = XCBuildConfiguration;
			buildSettings = {
				COMBINE_HIDPI_IMAGES = YES;
				GCC_PRECOMPILE_PREFIX_HEADER = YES;
				GCC_PREFIX_HEADER = "Pathfinder/Pathfinder-Prefix.pch";
				INFOPLIST_FILE = "Pathfinder/Pathfinder-Info.plist";
				PRODUCT_NAME = "$(TARGET_NAME)";
				WRAPPER_EXTENSION = app;
			};
			name = Debug;
		};
		7BBF7275155F9B5E00CD0F74 /* Release */ = {
			isa = XCBuildConfiguration;
			buildSettings = {
				COMBINE_HIDPI_IMAGES = YES;
				GCC_PRECOMPILE_PREFIX_HEADER = YES;
				GCC_PREFIX_HEADER = "Pathfinder/Pathfinder-Prefix.pch";
				INFOPLIST_FILE = "Pathfinder/Pathfinder-Info.plist";
				PRODUCT_NAME = "$(TARGET_NAME)";
				WRAPPER_EXTENSION = app;
			};
			name = Release;
		};
		7BE6BC5D168D588700C68BD5 /* Debug */ = {
			isa = XCBuildConfiguration;
			buildSettings = {
				PRODUCT_NAME = "$(TARGET_NAME)";
			};
			name = Debug;
		};
		7BE6BC5E168D588700C68BD5 /* Release */ = {
			isa = XCBuildConfiguration;
			buildSettings = {
				PRODUCT_NAME = "$(TARGET_NAME)";
			};
			name = Release;
		};
/* End XCBuildConfiguration section */

/* Begin XCConfigurationList section */
		7BBF724C155F9B5D00CD0F74 /* Build configuration list for PBXProject "Pathfinder" */ = {
			isa = XCConfigurationList;
			buildConfigurations = (
				7BBF7271155F9B5E00CD0F74 /* Debug */,
				7BBF7272155F9B5E00CD0F74 /* Release */,
			);
			defaultConfigurationIsVisible = 0;
			defaultConfigurationName = Release;
		};
		7BBF7273155F9B5E00CD0F74 /* Build configuration list for PBXNativeTarget "Pathfinder" */ = {
			isa = XCConfigurationList;
			buildConfigurations = (
				7BBF7274155F9B5E00CD0F74 /* Debug */,
				7BBF7275155F9B5E00CD0F74 /* Release */,
			);
			defaultConfigurationIsVisible = 0;
			defaultConfigurationName = Release;
		};
		7BE6BC5F168D588700C68BD5 /* Build configuration list for PBXAggregateTarget "Install Disk Image" */ = {
			isa = XCConfigurationList;
			buildConfigurations = (
				7BE6BC5D168D588700C68BD5 /* Debug */,
				7BE6BC5E168D588700C68BD5 /* Release */,
			);
			defaultConfigurationIsVisible = 0;
			defaultConfigurationName = Release;
		};
/* End XCConfigurationList section */
	};
	rootObject = 7BBF7249155F9B5D00CD0F74 /* Project object */;
}
